
Microsoft Visual Studio Solution File, Format Version 12.00
# Visual Studio 15
VisualStudioVersion = 15.0.28307.645
MinimumVisualStudioVersion = 10.0.40219.1
Project("{9A19103F-16F7-4668-BE54-9A1E7A4F7556}") = "ReactDotNetBoiler", "ReactDotNetBoiler.csproj", "{F3AB164E-0911-4B4D-8BF2-E1589E05F99F}"
EndProject
Global
	GlobalSection(SolutionConfigurationPlatforms) = preSolution
		Debug|Any CPU = Debug|Any CPU
		Release|Any CPU = Release|Any CPU
	EndGlobalSection
	GlobalSection(ProjectConfigurationPlatforms) = postSolution
		{F3AB164E-0911-4B4D-8BF2-E1589E05F99F}.Debug|Any CPU.ActiveCfg = Debug|Any CPU
		{F3AB164E-0911-4B4D-8BF2-E1589E05F99F}.Debug|Any CPU.Build.0 = Debug|Any CPU
		{F3AB164E-0911-4B4D-8BF2-E1589E05F99F}.Release|Any CPU.ActiveCfg = Release|Any CPU
		{F3AB164E-0911-4B4D-8BF2-E1589E05F99F}.Release|Any CPU.Build.0 = Release|Any CPU
	EndGlobalSection
	GlobalSection(SolutionProperties) = preSolution
		HideSolutionNode = FALSE
	EndGlobalSection
	GlobalSection(ExtensibilityGlobals) = postSolution
		SolutionGuid = {CEE8AA75-6CC2-49DB-BB30-F8F1FEDE1995}
	EndGlobalSection
EndGlobal
