
Microsoft Visual Studio Solution File, Format Version 12.00
# Visual Studio Version 16
VisualStudioVersion = 16.0.30907.101
MinimumVisualStudioVersion = 10.0.40219.1
Project("{9A19103F-16F7-4668-BE54-9A1E7A4F7556}") = "ReactDotNetBoiler", "ReactDotNetBoiler.csproj", "{F3AB164E-0911-4B4D-8BF2-E1589E05F99F}"
EndProject
Project("{9A19103F-16F7-4668-BE54-9A1E7A4F7556}") = "Infrastructure", "..\DotNetReactBoiler\Infrastructure\Infrastructure.csproj", "{48FEC554-1F90-4A5E-9ED1-7C6706F4B109}"
EndProject
Project("{FAE04EC0-301F-11D3-BF4B-00C04F79EFBC}") = "WebApplication1", "WebApplication1\WebApplication1.csproj", "{0978778D-50CC-47D5-8077-1861480DAD78}"
EndProject
Global
	GlobalSection(SolutionConfigurationPlatforms) = preSolution
		Debug|Any CPU = Debug|Any CPU
		Release|Any CPU = Release|Any CPU
	EndGlobalSection
	GlobalSection(ProjectConfigurationPlatforms) = postSolution
		{F3AB164E-0911-4B4D-8BF2-E1589E05F99F}.Debug|Any CPU.ActiveCfg = Debug|Any CPU
		{F3AB164E-0911-4B4D-8BF2-E1589E05F99F}.Debug|Any CPU.Build.0 = Debug|Any CPU
		{F3AB164E-0911-4B4D-8BF2-E1589E05F99F}.Release|Any CPU.ActiveCfg = Release|Any CPU
		{F3AB164E-0911-4B4D-8BF2-E1589E05F99F}.Release|Any CPU.Build.0 = Release|Any CPU
		{48FEC554-1F90-4A5E-9ED1-7C6706F4B109}.Debug|Any CPU.ActiveCfg = Debug|Any CPU
		{48FEC554-1F90-4A5E-9ED1-7C6706F4B109}.Debug|Any CPU.Build.0 = Debug|Any CPU
		{48FEC554-1F90-4A5E-9ED1-7C6706F4B109}.Release|Any CPU.ActiveCfg = Release|Any CPU
		{48FEC554-1F90-4A5E-9ED1-7C6706F4B109}.Release|Any CPU.Build.0 = Release|Any CPU
		{0978778D-50CC-47D5-8077-1861480DAD78}.Debug|Any CPU.ActiveCfg = Debug|Any CPU
		{0978778D-50CC-47D5-8077-1861480DAD78}.Debug|Any CPU.Build.0 = Debug|Any CPU
		{0978778D-50CC-47D5-8077-1861480DAD78}.Release|Any CPU.ActiveCfg = Release|Any CPU
		{0978778D-50CC-47D5-8077-1861480DAD78}.Release|Any CPU.Build.0 = Release|Any CPU
	EndGlobalSection
	GlobalSection(SolutionProperties) = preSolution
		HideSolutionNode = FALSE
	EndGlobalSection
	GlobalSection(ExtensibilityGlobals) = postSolution
		SolutionGuid = {CEE8AA75-6CC2-49DB-BB30-F8F1FEDE1995}
	EndGlobalSection
EndGlobal
